# This file is automatically @generated by Cargo.
# It is not intended for manual editing.
version = 4

[[package]]
name = "riffdb-api-grpc"
version = "0.1.0"

[[package]]
name = "riffdb-api-mcp"
version = "0.1.0"

[[package]]
name = "riffdb-auth"
version = "0.1.0"

[[package]]
name = "riffdb-catalog"
version = "0.1.0"

[[package]]
name = "riffdb-cli"
version = "0.1.0"

[[package]]
name = "riffdb-client-rust"
version = "0.1.0"

[[package]]
name = "riffdb-commit"
version = "0.1.0"

[[package]]
name = "riffdb-conflict"
version = "0.1.0"

[[package]]
name = "riffdb-contract-compiler"
version = "0.1.0"

[[package]]
name = "riffdb-contract-ir"
version = "0.1.0"

[[package]]
name = "riffdb-contract-syntax"
version = "0.1.0"

[[package]]
name = "riffdb-diagnostics"
version = "0.1.0"

[[package]]
name = "riffdb-errors"
version = "0.1.0"

[[package]]
name = "riffdb-idempotency"
version = "0.1.0"

[[package]]
name = "riffdb-invariant"
version = "0.1.0"

[[package]]
name = "riffdb-mcp-stdio"
version = "0.1.0"

[[package]]
name = "riffdb-observability"
version = "0.1.0"

[[package]]
name = "riffdb-outbox"
version = "0.1.0"

[[package]]
name = "riffdb-policy"
version = "0.1.0"

[[package]]
name = "riffdb-projection"
version = "0.1.0"

[[package]]
name = "riffdb-proto"
version = "0.1.0"

[[package]]
name = "riffdb-runtime"
version = "0.1.0"

[[package]]
name = "riffdb-server"
version = "0.1.0"

[[package]]
name = "riffdb-service"
version = "0.1.0"

[[package]]
name = "riffdb-storage-api"
version = "0.1.0"

[[package]]
name = "riffdb-storage-memory"
version = "0.1.0"

[[package]]
name = "riffdb-storage-redb"
version = "0.1.0"

[[package]]
name = "riffdb-testkit"
version = "0.1.0"

[[package]]
name = "riffdb-types"
version = "0.1.0"
